
Microsoft Visual Studio Solution File, Format Version 12.00
# Visual Studio Version 17
VisualStudioVersion = 17.11.35222.181
MinimumVisualStudioVersion = 10.0.40219.1
Project("{FAE04EC0-301F-11D3-BF4B-00C04F79EFBC}") = "6ti_LoukaConstant_exosRappel", "6ti_LoukaConstant_exosRappel.csproj", "{5DD79B5A-F7E6-41FC-B0CF-F5C10B75155A}"
EndProject
Global
	GlobalSection(SolutionConfigurationPlatforms) = preSolution
		Debug|Any CPU = Debug|Any CPU
		Release|Any CPU = Release|Any CPU
	EndGlobalSection
	GlobalSection(ProjectConfigurationPlatforms) = postSolution
		{5DD79B5A-F7E6-41FC-B0CF-F5C10B75155A}.Debug|Any CPU.ActiveCfg = Debug|Any CPU
		{5DD79B5A-F7E6-41FC-B0CF-F5C10B75155A}.Debug|Any CPU.Build.0 = Debug|Any CPU
		{5DD79B5A-F7E6-41FC-B0CF-F5C10B75155A}.Release|Any CPU.ActiveCfg = Release|Any CPU
		{5DD79B5A-F7E6-41FC-B0CF-F5C10B75155A}.Release|Any CPU.Build.0 = Release|Any CPU
	EndGlobalSection
	GlobalSection(SolutionProperties) = preSolution
		HideSolutionNode = FALSE
	EndGlobalSection
	GlobalSection(ExtensibilityGlobals) = postSolution
		SolutionGuid = {16A5F7F1-58CF-4742-9CEA-8AB30F76D1D0}
	EndGlobalSection
EndGlobal
